// !$*UTF8*$!
{
	archiveVersion = 1;
	classes = {
	};
	objectVersion = 46;
	objects = {

/* Begin PBXBuildFile section */
		65B42F271810BD2F001E4D60 /* libTheAmazingAudioEngine.a in Frameworks */ = {isa = PBXBuildFile; fileRef = 65B42F241810BB9C001E4D60 /* libTheAmazingAudioEngine.a */; };
		65B42F291810BD4C001E4D60 /* AudioToolbox.framework in Frameworks */ = {isa = PBXBuildFile; fileRef = 65B42F281810BD4C001E4D60 /* AudioToolbox.framework */; };
		65B42F2B1810BD53001E4D60 /* Accelerate.framework in Frameworks */ = {isa = PBXBuildFile; fileRef = 65B42F2A1810BD53001E4D60 /* Accelerate.framework */; };
		65BCEF471810C78900942545 /* AERecorder.m in Sources */ = {isa = PBXBuildFile; fileRef = 65BCEF461810C78900942545 /* AERecorder.m */; settings = {COMPILER_FLAGS = "-fno-objc-arc"; }; };
		65C19432180B630200491DE8 /* Foundation.framework in Frameworks */ = {isa = PBXBuildFile; fileRef = 65C19431180B630200491DE8 /* Foundation.framework */; };
		65C19434180B630200491DE8 /* CoreGraphics.framework in Frameworks */ = {isa = PBXBuildFile; fileRef = 65C19433180B630200491DE8 /* CoreGraphics.framework */; };
		65C19436180B630200491DE8 /* UIKit.framework in Frameworks */ = {isa = PBXBuildFile; fileRef = 65C19435180B630200491DE8 /* UIKit.framework */; };
		65C1943C180B630200491DE8 /* InfoPlist.strings in Resources */ = {isa = PBXBuildFile; fileRef = 65C1943A180B630200491DE8 /* InfoPlist.strings */; };
		65C1943E180B630200491DE8 /* main.m in Sources */ = {isa = PBXBuildFile; fileRef = 65C1943D180B630200491DE8 /* main.m */; };
		65C19442180B630200491DE8 /* AppDelegate.m in Sources */ = {isa = PBXBuildFile; fileRef = 65C19441180B630200491DE8 /* AppDelegate.m */; };
		65C19445180B630200491DE8 /* Main_iPhone.storyboard in Resources */ = {isa = PBXBuildFile; fileRef = 65C19443180B630200491DE8 /* Main_iPhone.storyboard */; };
		65C19448180B630200491DE8 /* Main_iPad.storyboard in Resources */ = {isa = PBXBuildFile; fileRef = 65C19446180B630200491DE8 /* Main_iPad.storyboard */; };
		65C1944B180B630200491DE8 /* ViewController.m in Sources */ = {isa = PBXBuildFile; fileRef = 65C1944A180B630200491DE8 /* ViewController.m */; };
		65C1944D180B630200491DE8 /* Images.xcassets in Resources */ = {isa = PBXBuildFile; fileRef = 65C1944C180B630200491DE8 /* Images.xcassets */; };
		65C19454180B630300491DE8 /* XCTest.framework in Frameworks */ = {isa = PBXBuildFile; fileRef = 65C19453180B630300491DE8 /* XCTest.framework */; };
		65C19455180B630300491DE8 /* Foundation.framework in Frameworks */ = {isa = PBXBuildFile; fileRef = 65C19431180B630200491DE8 /* Foundation.framework */; };
		65C19456180B630300491DE8 /* UIKit.framework in Frameworks */ = {isa = PBXBuildFile; fileRef = 65C19435180B630200491DE8 /* UIKit.framework */; };
		65C1945E180B630300491DE8 /* InfoPlist.strings in Resources */ = {isa = PBXBuildFile; fileRef = 65C1945C180B630300491DE8 /* InfoPlist.strings */; };
		65C19460180B630300491DE8 /* MuseicaTests.m in Sources */ = {isa = PBXBuildFile; fileRef = 65C1945F180B630300491DE8 /* MuseicaTests.m */; };
		65C1946B180B646100491DE8 /* MuseicaModel.m in Sources */ = {isa = PBXBuildFile; fileRef = 65C1946A180B646100491DE8 /* MuseicaModel.m */; };
		65C19474180B678500491DE8 /* Track.m in Sources */ = {isa = PBXBuildFile; fileRef = 65C19473180B678500491DE8 /* Track.m */; };
		65C19477180B6E5D00491DE8 /* ProjectViewController.m in Sources */ = {isa = PBXBuildFile; fileRef = 65C19476180B6E5D00491DE8 /* ProjectViewController.m */; };
		65C2FAA1180BC4A3007E043A /* Project.m in Sources */ = {isa = PBXBuildFile; fileRef = 65C2FAA0180BC4A3007E043A /* Project.m */; };
		65CAB9E2180FABE100A2705F /* TrackRow.m in Sources */ = {isa = PBXBuildFile; fileRef = 65CAB9E1180FABE100A2705F /* TrackRow.m */; };
		65CAB9E5180FCD9500A2705F /* Constants.m in Sources */ = {isa = PBXBuildFile; fileRef = 65CAB9E4180FCD9500A2705F /* Constants.m */; };
/* End PBXBuildFile section */

/* Begin PBXContainerItemProxy section */
		65B42F231810BB9C001E4D60 /* PBXContainerItemProxy */ = {
			isa = PBXContainerItemProxy;
			containerPortal = 65B42F1F1810BB9C001E4D60 /* TheAmazingAudioEngine.xcodeproj */;
			proxyType = 2;
			remoteGlobalIDString = 4C215CEC1523A7D500D36CAD;
			remoteInfo = TheAmazingAudioEngine;
		};
		65B42F251810BCD0001E4D60 /* PBXContainerItemProxy */ = {
			isa = PBXContainerItemProxy;
			containerPortal = 65B42F1F1810BB9C001E4D60 /* TheAmazingAudioEngine.xcodeproj */;
			proxyType = 1;
			remoteGlobalIDString = 4C215CEB1523A7D500D36CAD;
			remoteInfo = TheAmazingAudioEngine;
		};
		65C19457180B630300491DE8 /* PBXContainerItemProxy */ = {
			isa = PBXContainerItemProxy;
			containerPortal = 65C19426180B630200491DE8 /* Project object */;
			proxyType = 1;
			remoteGlobalIDString = 65C1942D180B630200491DE8;
			remoteInfo = Museica;
		};
/* End PBXContainerItemProxy section */

/* Begin PBXFileReference section */
		65B42F1F1810BB9C001E4D60 /* TheAmazingAudioEngine.xcodeproj */ = {isa = PBXFileReference; lastKnownFileType = "wrapper.pb-project"; name = TheAmazingAudioEngine.xcodeproj; path = "TheAmazingAudioEngine-master/TheAmazingAudioEngine.xcodeproj"; sourceTree = "<group>"; };
		65B42F281810BD4C001E4D60 /* AudioToolbox.framework */ = {isa = PBXFileReference; lastKnownFileType = wrapper.framework; name = AudioToolbox.framework; path = System/Library/Frameworks/AudioToolbox.framework; sourceTree = SDKROOT; };
		65B42F2A1810BD53001E4D60 /* Accelerate.framework */ = {isa = PBXFileReference; lastKnownFileType = wrapper.framework; name = Accelerate.framework; path = System/Library/Frameworks/Accelerate.framework; sourceTree = SDKROOT; };
		65BCEF451810C78900942545 /* AERecorder.h */ = {isa = PBXFileReference; fileEncoding = 4; lastKnownFileType = sourcecode.c.h; name = AERecorder.h; path = "TheAmazingAudioEngine-master/Modules/AERecorder.h"; sourceTree = SOURCE_ROOT; };
		65BCEF461810C78900942545 /* AERecorder.m */ = {isa = PBXFileReference; fileEncoding = 4; lastKnownFileType = sourcecode.c.objc; name = AERecorder.m; path = "TheAmazingAudioEngine-master/Modules/AERecorder.m"; sourceTree = SOURCE_ROOT; };
		65C1942E180B630200491DE8 /* Museica.app */ = {isa = PBXFileReference; explicitFileType = wrapper.application; includeInIndex = 0; path = Museica.app; sourceTree = BUILT_PRODUCTS_DIR; };
		65C19431180B630200491DE8 /* Foundation.framework */ = {isa = PBXFileReference; lastKnownFileType = wrapper.framework; name = Foundation.framework; path = System/Library/Frameworks/Foundation.framework; sourceTree = SDKROOT; };
		65C19433180B630200491DE8 /* CoreGraphics.framework */ = {isa = PBXFileReference; lastKnownFileType = wrapper.framework; name = CoreGraphics.framework; path = System/Library/Frameworks/CoreGraphics.framework; sourceTree = SDKROOT; };
		65C19435180B630200491DE8 /* UIKit.framework */ = {isa = PBXFileReference; lastKnownFileType = wrapper.framework; name = UIKit.framework; path = System/Library/Frameworks/UIKit.framework; sourceTree = SDKROOT; };
		65C19439180B630200491DE8 /* Museica-Info.plist */ = {isa = PBXFileReference; lastKnownFileType = text.plist.xml; path = "Museica-Info.plist"; sourceTree = "<group>"; };
		65C1943B180B630200491DE8 /* en */ = {isa = PBXFileReference; lastKnownFileType = text.plist.strings; name = en; path = en.lproj/InfoPlist.strings; sourceTree = "<group>"; };
		65C1943D180B630200491DE8 /* main.m */ = {isa = PBXFileReference; lastKnownFileType = sourcecode.c.objc; path = main.m; sourceTree = "<group>"; };
		65C1943F180B630200491DE8 /* Museica-Prefix.pch */ = {isa = PBXFileReference; lastKnownFileType = sourcecode.c.h; path = "Museica-Prefix.pch"; sourceTree = "<group>"; };
		65C19440180B630200491DE8 /* AppDelegate.h */ = {isa = PBXFileReference; lastKnownFileType = sourcecode.c.h; path = AppDelegate.h; sourceTree = "<group>"; };
		65C19441180B630200491DE8 /* AppDelegate.m */ = {isa = PBXFileReference; lastKnownFileType = sourcecode.c.objc; path = AppDelegate.m; sourceTree = "<group>"; };
		65C19444180B630200491DE8 /* Base */ = {isa = PBXFileReference; lastKnownFileType = file.storyboard; name = Base; path = Base.lproj/Main_iPhone.storyboard; sourceTree = "<group>"; };
		65C19447180B630200491DE8 /* Base */ = {isa = PBXFileReference; lastKnownFileType = file.storyboard; name = Base; path = Base.lproj/Main_iPad.storyboard; sourceTree = "<group>"; };
		65C19449180B630200491DE8 /* ViewController.h */ = {isa = PBXFileReference; lastKnownFileType = sourcecode.c.h; path = ViewController.h; sourceTree = "<group>"; };
		65C1944A180B630200491DE8 /* ViewController.m */ = {isa = PBXFileReference; lastKnownFileType = sourcecode.c.objc; path = ViewController.m; sourceTree = "<group>"; };
		65C1944C180B630200491DE8 /* Images.xcassets */ = {isa = PBXFileReference; lastKnownFileType = folder.assetcatalog; path = Images.xcassets; sourceTree = "<group>"; };
		65C19452180B630300491DE8 /* MuseicaTests.xctest */ = {isa = PBXFileReference; explicitFileType = wrapper.cfbundle; includeInIndex = 0; path = MuseicaTests.xctest; sourceTree = BUILT_PRODUCTS_DIR; };
		65C19453180B630300491DE8 /* XCTest.framework */ = {isa = PBXFileReference; lastKnownFileType = wrapper.framework; name = XCTest.framework; path = Library/Frameworks/XCTest.framework; sourceTree = DEVELOPER_DIR; };
		65C1945B180B630300491DE8 /* MuseicaTests-Info.plist */ = {isa = PBXFileReference; lastKnownFileType = text.plist.xml; path = "MuseicaTests-Info.plist"; sourceTree = "<group>"; };
		65C1945D180B630300491DE8 /* en */ = {isa = PBXFileReference; lastKnownFileType = text.plist.strings; name = en; path = en.lproj/InfoPlist.strings; sourceTree = "<group>"; };
		65C1945F180B630300491DE8 /* MuseicaTests.m */ = {isa = PBXFileReference; lastKnownFileType = sourcecode.c.objc; path = MuseicaTests.m; sourceTree = "<group>"; };
		65C19469180B646100491DE8 /* MuseicaModel.h */ = {isa = PBXFileReference; fileEncoding = 4; lastKnownFileType = sourcecode.c.h; path = MuseicaModel.h; sourceTree = "<group>"; };
		65C1946A180B646100491DE8 /* MuseicaModel.m */ = {isa = PBXFileReference; fileEncoding = 4; lastKnownFileType = sourcecode.c.objc; path = MuseicaModel.m; sourceTree = "<group>"; };
		65C19472180B678500491DE8 /* Track.h */ = {isa = PBXFileReference; fileEncoding = 4; lastKnownFileType = sourcecode.c.h; path = Track.h; sourceTree = "<group>"; };
		65C19473180B678500491DE8 /* Track.m */ = {isa = PBXFileReference; fileEncoding = 4; lastKnownFileType = sourcecode.c.objc; path = Track.m; sourceTree = "<group>"; };
		65C19475180B6E5D00491DE8 /* ProjectViewController.h */ = {isa = PBXFileReference; fileEncoding = 4; lastKnownFileType = sourcecode.c.h; path = ProjectViewController.h; sourceTree = "<group>"; };
		65C19476180B6E5D00491DE8 /* ProjectViewController.m */ = {isa = PBXFileReference; fileEncoding = 4; lastKnownFileType = sourcecode.c.objc; path = ProjectViewController.m; sourceTree = "<group>"; };
		65C2FA9F180BC4A3007E043A /* Project.h */ = {isa = PBXFileReference; fileEncoding = 4; lastKnownFileType = sourcecode.c.h; path = Project.h; sourceTree = "<group>"; };
		65C2FAA0180BC4A3007E043A /* Project.m */ = {isa = PBXFileReference; fileEncoding = 4; lastKnownFileType = sourcecode.c.objc; path = Project.m; sourceTree = "<group>"; };
		65CAB9E0180FABE100A2705F /* TrackRow.h */ = {isa = PBXFileReference; fileEncoding = 4; lastKnownFileType = sourcecode.c.h; path = TrackRow.h; sourceTree = "<group>"; };
		65CAB9E1180FABE100A2705F /* TrackRow.m */ = {isa = PBXFileReference; fileEncoding = 4; lastKnownFileType = sourcecode.c.objc; path = TrackRow.m; sourceTree = "<group>"; };
		65CAB9E3180FCD9500A2705F /* Constants.h */ = {isa = PBXFileReference; fileEncoding = 4; lastKnownFileType = sourcecode.c.h; path = Constants.h; sourceTree = "<group>"; };
		65CAB9E4180FCD9500A2705F /* Constants.m */ = {isa = PBXFileReference; fileEncoding = 4; lastKnownFileType = sourcecode.c.objc; path = Constants.m; sourceTree = "<group>"; };
/* End PBXFileReference section */

/* Begin PBXFrameworksBuildPhase section */
		65C1942B180B630200491DE8 /* Frameworks */ = {
			isa = PBXFrameworksBuildPhase;
			buildActionMask = 2147483647;
			files = (
				65B42F2B1810BD53001E4D60 /* Accelerate.framework in Frameworks */,
				65B42F291810BD4C001E4D60 /* AudioToolbox.framework in Frameworks */,
				65B42F271810BD2F001E4D60 /* libTheAmazingAudioEngine.a in Frameworks */,
				65C19434180B630200491DE8 /* CoreGraphics.framework in Frameworks */,
				65C19436180B630200491DE8 /* UIKit.framework in Frameworks */,
				65C19432180B630200491DE8 /* Foundation.framework in Frameworks */,
			);
			runOnlyForDeploymentPostprocessing = 0;
		};
		65C1944F180B630300491DE8 /* Frameworks */ = {
			isa = PBXFrameworksBuildPhase;
			buildActionMask = 2147483647;
			files = (
				65C19454180B630300491DE8 /* XCTest.framework in Frameworks */,
				65C19456180B630300491DE8 /* UIKit.framework in Frameworks */,
				65C19455180B630300491DE8 /* Foundation.framework in Frameworks */,
			);
			runOnlyForDeploymentPostprocessing = 0;
		};
/* End PBXFrameworksBuildPhase section */

/* Begin PBXGroup section */
		65B42F201810BB9C001E4D60 /* Products */ = {
			isa = PBXGroup;
			children = (
				65B42F241810BB9C001E4D60 /* libTheAmazingAudioEngine.a */,
			);
			name = Products;
			sourceTree = "<group>";
		};
		65C19425180B630200491DE8 = {
			isa = PBXGroup;
			children = (
				65B42F1F1810BB9C001E4D60 /* TheAmazingAudioEngine.xcodeproj */,
				65C19437180B630200491DE8 /* Museica */,
				65C19459180B630300491DE8 /* MuseicaTests */,
				65C19430180B630200491DE8 /* Frameworks */,
				65C1942F180B630200491DE8 /* Products */,
			);
			sourceTree = "<group>";
		};
		65C1942F180B630200491DE8 /* Products */ = {
			isa = PBXGroup;
			children = (
				65C1942E180B630200491DE8 /* Museica.app */,
				65C19452180B630300491DE8 /* MuseicaTests.xctest */,
			);
			name = Products;
			sourceTree = "<group>";
		};
		65C19430180B630200491DE8 /* Frameworks */ = {
			isa = PBXGroup;
			children = (
				65B42F2A1810BD53001E4D60 /* Accelerate.framework */,
				65B42F281810BD4C001E4D60 /* AudioToolbox.framework */,
				65C19431180B630200491DE8 /* Foundation.framework */,
				65C19433180B630200491DE8 /* CoreGraphics.framework */,
				65C19435180B630200491DE8 /* UIKit.framework */,
				65C19453180B630300491DE8 /* XCTest.framework */,
			);
			name = Frameworks;
			sourceTree = "<group>";
		};
		65C19437180B630200491DE8 /* Museica */ = {
			isa = PBXGroup;
			children = (
				65BCEF451810C78900942545 /* AERecorder.h */,
				65BCEF461810C78900942545 /* AERecorder.m */,
				65C19440180B630200491DE8 /* AppDelegate.h */,
				65C19441180B630200491DE8 /* AppDelegate.m */,
				65C19443180B630200491DE8 /* Main_iPhone.storyboard */,
				65C19446180B630200491DE8 /* Main_iPad.storyboard */,
				65C19469180B646100491DE8 /* MuseicaModel.h */,
				65C1946A180B646100491DE8 /* MuseicaModel.m */,
				65CAB9E3180FCD9500A2705F /* Constants.h */,
				65CAB9E4180FCD9500A2705F /* Constants.m */,
				65C2FA9F180BC4A3007E043A /* Project.h */,
				65C2FAA0180BC4A3007E043A /* Project.m */,
				65C19475180B6E5D00491DE8 /* ProjectViewController.h */,
				65C19476180B6E5D00491DE8 /* ProjectViewController.m */,
				65C19472180B678500491DE8 /* Track.h */,
				65C19473180B678500491DE8 /* Track.m */,
				65CAB9E0180FABE100A2705F /* TrackRow.h */,
				65CAB9E1180FABE100A2705F /* TrackRow.m */,
				65C19449180B630200491DE8 /* ViewController.h */,
				65C1944A180B630200491DE8 /* ViewController.m */,
				65C1944C180B630200491DE8 /* Images.xcassets */,
				65C19438180B630200491DE8 /* Supporting Files */,
			);
			path = Museica;
			sourceTree = "<group>";
		};
		65C19438180B630200491DE8 /* Supporting Files */ = {
			isa = PBXGroup;
			children = (
				65C19439180B630200491DE8 /* Museica-Info.plist */,
				65C1943A180B630200491DE8 /* InfoPlist.strings */,
				65C1943D180B630200491DE8 /* main.m */,
				65C1943F180B630200491DE8 /* Museica-Prefix.pch */,
			);
			name = "Supporting Files";
			sourceTree = "<group>";
		};
		65C19459180B630300491DE8 /* MuseicaTests */ = {
			isa = PBXGroup;
			children = (
				65C1945F180B630300491DE8 /* MuseicaTests.m */,
				65C1945A180B630300491DE8 /* Supporting Files */,
			);
			path = MuseicaTests;
			sourceTree = "<group>";
		};
		65C1945A180B630300491DE8 /* Supporting Files */ = {
			isa = PBXGroup;
			children = (
				65C1945B180B630300491DE8 /* MuseicaTests-Info.plist */,
				65C1945C180B630300491DE8 /* InfoPlist.strings */,
			);
			name = "Supporting Files";
			sourceTree = "<group>";
		};
/* End PBXGroup section */

/* Begin PBXNativeTarget section */
		65C1942D180B630200491DE8 /* Museica */ = {
			isa = PBXNativeTarget;
			buildConfigurationList = 65C19463180B630300491DE8 /* Build configuration list for PBXNativeTarget "Museica" */;
			buildPhases = (
				65C1942A180B630200491DE8 /* Sources */,
				65C1942B180B630200491DE8 /* Frameworks */,
				65C1942C180B630200491DE8 /* Resources */,
			);
			buildRules = (
			);
			dependencies = (
				65B42F261810BCD0001E4D60 /* PBXTargetDependency */,
			);
			name = Museica;
			productName = Museica;
			productReference = 65C1942E180B630200491DE8 /* Museica.app */;
			productType = "com.apple.product-type.application";
		};
		65C19451180B630300491DE8 /* MuseicaTests */ = {
			isa = PBXNativeTarget;
			buildConfigurationList = 65C19466180B630300491DE8 /* Build configuration list for PBXNativeTarget "MuseicaTests" */;
			buildPhases = (
				65C1944E180B630300491DE8 /* Sources */,
				65C1944F180B630300491DE8 /* Frameworks */,
				65C19450180B630300491DE8 /* Resources */,
			);
			buildRules = (
			);
			dependencies = (
				65C19458180B630300491DE8 /* PBXTargetDependency */,
			);
			name = MuseicaTests;
			productName = MuseicaTests;
			productReference = 65C19452180B630300491DE8 /* MuseicaTests.xctest */;
			productType = "com.apple.product-type.bundle.unit-test";
		};
/* End PBXNativeTarget section */

/* Begin PBXProject section */
		65C19426180B630200491DE8 /* Project object */ = {
			isa = PBXProject;
			attributes = {
				LastUpgradeCheck = 0500;
				ORGANIZATIONNAME = Musecia;
				TargetAttributes = {
					65C19451180B630300491DE8 = {
						TestTargetID = 65C1942D180B630200491DE8;
					};
				};
			};
			buildConfigurationList = 65C19429180B630200491DE8 /* Build configuration list for PBXProject "Museica" */;
			compatibilityVersion = "Xcode 3.2";
			developmentRegion = English;
			hasScannedForEncodings = 0;
			knownRegions = (
				en,
				Base,
			);
			mainGroup = 65C19425180B630200491DE8;
			productRefGroup = 65C1942F180B630200491DE8 /* Products */;
			projectDirPath = "";
			projectReferences = (
				{
					ProductGroup = 65B42F201810BB9C001E4D60 /* Products */;
					ProjectRef = 65B42F1F1810BB9C001E4D60 /* TheAmazingAudioEngine.xcodeproj */;
				},
			);
			projectRoot = "";
			targets = (
				65C1942D180B630200491DE8 /* Museica */,
				65C19451180B630300491DE8 /* MuseicaTests */,
			);
		};
/* End PBXProject section */

/* Begin PBXReferenceProxy section */
		65B42F241810BB9C001E4D60 /* libTheAmazingAudioEngine.a */ = {
			isa = PBXReferenceProxy;
			fileType = archive.ar;
			path = libTheAmazingAudioEngine.a;
			remoteRef = 65B42F231810BB9C001E4D60 /* PBXContainerItemProxy */;
			sourceTree = BUILT_PRODUCTS_DIR;
		};
/* End PBXReferenceProxy section */

/* Begin PBXResourcesBuildPhase section */
		65C1942C180B630200491DE8 /* Resources */ = {
			isa = PBXResourcesBuildPhase;
			buildActionMask = 2147483647;
			files = (
				65C19448180B630200491DE8 /* Main_iPad.storyboard in Resources */,
				65C1944D180B630200491DE8 /* Images.xcassets in Resources */,
				65C19445180B630200491DE8 /* Main_iPhone.storyboard in Resources */,
				65C1943C180B630200491DE8 /* InfoPlist.strings in Resources */,
			);
			runOnlyForDeploymentPostprocessing = 0;
		};
		65C19450180B630300491DE8 /* Resources */ = {
			isa = PBXResourcesBuildPhase;
			buildActionMask = 2147483647;
			files = (
				65C1945E180B630300491DE8 /* InfoPlist.strings in Resources */,
			);
			runOnlyForDeploymentPostprocessing = 0;
		};
/* End PBXResourcesBuildPhase section */

/* Begin PBXSourcesBuildPhase section */
		65C1942A180B630200491DE8 /* Sources */ = {
			isa = PBXSourcesBuildPhase;
			buildActionMask = 2147483647;
			files = (
				65C1944B180B630200491DE8 /* ViewController.m in Sources */,
				65C1946B180B646100491DE8 /* MuseicaModel.m in Sources */,
				65CAB9E2180FABE100A2705F /* TrackRow.m in Sources */,
				65BCEF471810C78900942545 /* AERecorder.m in Sources */,
				65C19442180B630200491DE8 /* AppDelegate.m in Sources */,
				65C2FAA1180BC4A3007E043A /* Project.m in Sources */,
				65C19474180B678500491DE8 /* Track.m in Sources */,
				65C1943E180B630200491DE8 /* main.m in Sources */,
				65C19477180B6E5D00491DE8 /* ProjectViewController.m in Sources */,
				65CAB9E5180FCD9500A2705F /* Constants.m in Sources */,
			);
			runOnlyForDeploymentPostprocessing = 0;
		};
		65C1944E180B630300491DE8 /* Sources */ = {
			isa = PBXSourcesBuildPhase;
			buildActionMask = 2147483647;
			files = (
				65C19460180B630300491DE8 /* MuseicaTests.m in Sources */,
			);
			runOnlyForDeploymentPostprocessing = 0;
		};
/* End PBXSourcesBuildPhase section */

/* Begin PBXTargetDependency section */
		65B42F261810BCD0001E4D60 /* PBXTargetDependency */ = {
			isa = PBXTargetDependency;
			name = TheAmazingAudioEngine;
			targetProxy = 65B42F251810BCD0001E4D60 /* PBXContainerItemProxy */;
		};
		65C19458180B630300491DE8 /* PBXTargetDependency */ = {
			isa = PBXTargetDependency;
			target = 65C1942D180B630200491DE8 /* Museica */;
			targetProxy = 65C19457180B630300491DE8 /* PBXContainerItemProxy */;
		};
/* End PBXTargetDependency section */

/* Begin PBXVariantGroup section */
		65C1943A180B630200491DE8 /* InfoPlist.strings */ = {
			isa = PBXVariantGroup;
			children = (
				65C1943B180B630200491DE8 /* en */,
			);
			name = InfoPlist.strings;
			sourceTree = "<group>";
		};
		65C19443180B630200491DE8 /* Main_iPhone.storyboard */ = {
			isa = PBXVariantGroup;
			children = (
				65C19444180B630200491DE8 /* Base */,
			);
			name = Main_iPhone.storyboard;
			sourceTree = "<group>";
		};
		65C19446180B630200491DE8 /* Main_iPad.storyboard */ = {
			isa = PBXVariantGroup;
			children = (
				65C19447180B630200491DE8 /* Base */,
			);
			name = Main_iPad.storyboard;
			sourceTree = "<group>";
		};
		65C1945C180B630300491DE8 /* InfoPlist.strings */ = {
			isa = PBXVariantGroup;
			children = (
				65C1945D180B630300491DE8 /* en */,
			);
			name = InfoPlist.strings;
			sourceTree = "<group>";
		};
/* End PBXVariantGroup section */

/* Begin XCBuildConfiguration section */
		65C19461180B630300491DE8 /* Debug */ = {
			isa = XCBuildConfiguration;
			buildSettings = {
				ALWAYS_SEARCH_USER_PATHS = NO;
				ARCHS = "$(ARCHS_STANDARD_INCLUDING_64_BIT)";
				CLANG_CXX_LANGUAGE_STANDARD = "gnu++0x";
				CLANG_CXX_LIBRARY = "libc++";
				CLANG_ENABLE_MODULES = YES;
				CLANG_ENABLE_OBJC_ARC = YES;
				CLANG_WARN_BOOL_CONVERSION = YES;
				CLANG_WARN_CONSTANT_CONVERSION = YES;
				CLANG_WARN_DIRECT_OBJC_ISA_USAGE = YES_ERROR;
				CLANG_WARN_EMPTY_BODY = YES;
				CLANG_WARN_ENUM_CONVERSION = YES;
				CLANG_WARN_INT_CONVERSION = YES;
				CLANG_WARN_OBJC_ROOT_CLASS = YES_ERROR;
				CLANG_WARN__DUPLICATE_METHOD_MATCH = YES;
				"CODE_SIGN_IDENTITY[sdk=iphoneos*]" = "iPhone Developer";
				COPY_PHASE_STRIP = NO;
				GCC_C_LANGUAGE_STANDARD = gnu99;
				GCC_DYNAMIC_NO_PIC = NO;
				GCC_OPTIMIZATION_LEVEL = 0;
				GCC_PREPROCESSOR_DEFINITIONS = (
					"DEBUG=1",
					"$(inherited)",
				);
				GCC_SYMBOLS_PRIVATE_EXTERN = NO;
				GCC_WARN_64_TO_32_BIT_CONVERSION = YES;
				GCC_WARN_ABOUT_RETURN_TYPE = YES_ERROR;
				GCC_WARN_UNDECLARED_SELECTOR = YES;
				GCC_WARN_UNINITIALIZED_AUTOS = YES;
				GCC_WARN_UNUSED_FUNCTION = YES;
				GCC_WARN_UNUSED_VARIABLE = YES;
				IPHONEOS_DEPLOYMENT_TARGET = 7.0;
				ONLY_ACTIVE_ARCH = YES;
				SDKROOT = iphoneos;
				TARGETED_DEVICE_FAMILY = "1,2";
			};
			name = Debug;
		};
		65C19462180B630300491DE8 /* Release */ = {
			isa = XCBuildConfiguration;
			buildSettings = {
				ALWAYS_SEARCH_USER_PATHS = NO;
				ARCHS = "$(ARCHS_STANDARD_INCLUDING_64_BIT)";
				CLANG_CXX_LANGUAGE_STANDARD = "gnu++0x";
				CLANG_CXX_LIBRARY = "libc++";
				CLANG_ENABLE_MODULES = YES;
				CLANG_ENABLE_OBJC_ARC = YES;
				CLANG_WARN_BOOL_CONVERSION = YES;
				CLANG_WARN_CONSTANT_CONVERSION = YES;
				CLANG_WARN_DIRECT_OBJC_ISA_USAGE = YES_ERROR;
				CLANG_WARN_EMPTY_BODY = YES;
				CLANG_WARN_ENUM_CONVERSION = YES;
				CLANG_WARN_INT_CONVERSION = YES;
				CLANG_WARN_OBJC_ROOT_CLASS = YES_ERROR;
				CLANG_WARN__DUPLICATE_METHOD_MATCH = YES;
				"CODE_SIGN_IDENTITY[sdk=iphoneos*]" = "iPhone Developer";
				COPY_PHASE_STRIP = YES;
				ENABLE_NS_ASSERTIONS = NO;
				GCC_C_LANGUAGE_STANDARD = gnu99;
				GCC_WARN_64_TO_32_BIT_CONVERSION = YES;
				GCC_WARN_ABOUT_RETURN_TYPE = YES_ERROR;
				GCC_WARN_UNDECLARED_SELECTOR = YES;
				GCC_WARN_UNINITIALIZED_AUTOS = YES;
				GCC_WARN_UNUSED_FUNCTION = YES;
				GCC_WARN_UNUSED_VARIABLE = YES;
				IPHONEOS_DEPLOYMENT_TARGET = 7.0;
				SDKROOT = iphoneos;
				TARGETED_DEVICE_FAMILY = "1,2";
				VALIDATE_PRODUCT = YES;
			};
			name = Release;
		};
		65C19464180B630300491DE8 /* Debug */ = {
			isa = XCBuildConfiguration;
			buildSettings = {
				ASSETCATALOG_COMPILER_APPICON_NAME = AppIcon;
				ASSETCATALOG_COMPILER_LAUNCHIMAGE_NAME = LaunchImage;
				GCC_PRECOMPILE_PREFIX_HEADER = YES;
				GCC_PREFIX_HEADER = "Museica/Museica-Prefix.pch";
				HEADER_SEARCH_PATHS = (
					"$(inherited)",
					/Applications/Xcode.app/Contents/Developer/Toolchains/XcodeDefault.xctoolchain/usr/include,
					"$(SRCROOT)/TheAmazingAudioEngine-master/TheAmazingAudioEngine",
				);
				INFOPLIST_FILE = "Museica/Museica-Info.plist";
				PRODUCT_NAME = "$(TARGET_NAME)";
				WRAPPER_EXTENSION = app;
			};
			name = Debug;
		};
		65C19465180B630300491DE8 /* Release */ = {
			isa = XCBuildConfiguration;
			buildSettings = {
				ASSETCATALOG_COMPILER_APPICON_NAME = AppIcon;
				ASSETCATALOG_COMPILER_LAUNCHIMAGE_NAME = LaunchImage;
				GCC_PRECOMPILE_PREFIX_HEADER = YES;
				GCC_PREFIX_HEADER = "Museica/Museica-Prefix.pch";
				HEADER_SEARCH_PATHS = (
					"$(inherited)",
					/Applications/Xcode.app/Contents/Developer/Toolchains/XcodeDefault.xctoolchain/usr/include,
					"$(SRCROOT)/TheAmazingAudioEngine-master/TheAmazingAudioEngine",
				);
				INFOPLIST_FILE = "Museica/Museica-Info.plist";
				PRODUCT_NAME = "$(TARGET_NAME)";
				WRAPPER_EXTENSION = app;
			};
			name = Release;
		};
		65C19467180B630300491DE8 /* Debug */ = {
			isa = XCBuildConfiguration;
			buildSettings = {
				ARCHS = "$(ARCHS_STANDARD_INCLUDING_64_BIT)";
				BUNDLE_LOADER = "$(BUILT_PRODUCTS_DIR)/Museica.app/Museica";
				FRAMEWORK_SEARCH_PATHS = (
					"$(SDKROOT)/Developer/Library/Frameworks",
					"$(inherited)",
					"$(DEVELOPER_FRAMEWORKS_DIR)",
				);
				GCC_PRECOMPILE_PREFIX_HEADER = YES;
				GCC_PREFIX_HEADER = "Museica/Museica-Prefix.pch";
				GCC_PREPROCESSOR_DEFINITIONS = (
					"DEBUG=1",
					"$(inherited)",
				);
				INFOPLIST_FILE = "MuseicaTests/MuseicaTests-Info.plist";
				PRODUCT_NAME = "$(TARGET_NAME)";
				TEST_HOST = "$(BUNDLE_LOADER)";
				WRAPPER_EXTENSION = xctest;
			};
			name = Debug;
		};
		65C19468180B630300491DE8 /* Release */ = {
			isa = XCBuildConfiguration;
			buildSettings = {
				ARCHS = "$(ARCHS_STANDARD_INCLUDING_64_BIT)";
				BUNDLE_LOADER = "$(BUILT_PRODUCTS_DIR)/Museica.app/Museica";
				FRAMEWORK_SEARCH_PATHS = (
					"$(SDKROOT)/Developer/Library/Frameworks",
					"$(inherited)",
					"$(DEVELOPER_FRAMEWORKS_DIR)",
				);
				GCC_PRECOMPILE_PREFIX_HEADER = YES;
				GCC_PREFIX_HEADER = "Museica/Museica-Prefix.pch";
				INFOPLIST_FILE = "MuseicaTests/MuseicaTests-Info.plist";
				PRODUCT_NAME = "$(TARGET_NAME)";
				TEST_HOST = "$(BUNDLE_LOADER)";
				WRAPPER_EXTENSION = xctest;
			};
			name = Release;
		};
/* End XCBuildConfiguration section */

/* Begin XCConfigurationList section */
		65C19429180B630200491DE8 /* Build configuration list for PBXProject "Museica" */ = {
			isa = XCConfigurationList;
			buildConfigurations = (
				65C19461180B630300491DE8 /* Debug */,
				65C19462180B630300491DE8 /* Release */,
			);
			defaultConfigurationIsVisible = 0;
			defaultConfigurationName = Release;
		};
		65C19463180B630300491DE8 /* Build configuration list for PBXNativeTarget "Museica" */ = {
			isa = XCConfigurationList;
			buildConfigurations = (
				65C19464180B630300491DE8 /* Debug */,
				65C19465180B630300491DE8 /* Release */,
			);
			defaultConfigurationIsVisible = 0;
			defaultConfigurationName = Release;
		};
		65C19466180B630300491DE8 /* Build configuration list for PBXNativeTarget "MuseicaTests" */ = {
			isa = XCConfigurationList;
			buildConfigurations = (
				65C19467180B630300491DE8 /* Debug */,
				65C19468180B630300491DE8 /* Release */,
			);
			defaultConfigurationIsVisible = 0;
			defaultConfigurationName = Release;
		};
/* End XCConfigurationList section */
	};
	rootObject = 65C19426180B630200491DE8 /* Project object */;
}
